
Microsoft Visual Studio Solution File, Format Version 12.00
# Visual Studio Version 17
VisualStudioVersion = 17.8.34511.84
MinimumVisualStudioVersion = 10.0.40219.1
Project("{2150E333-8FDC-42A3-9474-1A3956D46DE8}") = "src", "src", "{271879DF-B72C-4840-841D-C00AFF0F11B1}"
EndProject
Project("{2150E333-8FDC-42A3-9474-1A3956D46DE8}") = "Transactional", "Transactional", "{BA6DD35A-9969-42DC-9D10-674D5EF12615}"
EndProject
Project("{2150E333-8FDC-42A3-9474-1A3956D46DE8}") = "Publisher", "Publisher", "{178297B0-AA67-424A-9BF0-CDEB4467F1AF}"
EndProject
Project("{2150E333-8FDC-42A3-9474-1A3956D46DE8}") = "Presentation", "Presentation", "{E7D3043E-36E7-41C9-B356-7DFE557F2860}"
EndProject
Project("{2150E333-8FDC-42A3-9474-1A3956D46DE8}") = "Core", "Core", "{6740EE54-308C-4DF6-92BA-41F601FDD81D}"
EndProject
Project("{2150E333-8FDC-42A3-9474-1A3956D46DE8}") = "Infrastructure", "Infrastructure", "{BEC36993-8D07-4C1D-A119-D97E9FEA6CD6}"
EndProject
Project("{2150E333-8FDC-42A3-9474-1A3956D46DE8}") = "Worker", "Worker", "{268FC494-D621-49FB-9E3D-EA6D8C4584B2}"
EndProject
Project("{9A19103F-16F7-4668-BE54-9A1E7A4F7556}") = "Outbox.Application", "src\Publisher\Core\Outbox.Application\Outbox.Application.csproj", "{DC729028-E2AC-445A-A953-BCF81EE58EBD}"
EndProject
Project("{9A19103F-16F7-4668-BE54-9A1E7A4F7556}") = "Outbox.Domain", "src\Publisher\Core\Outbox.Domain\Outbox.Domain.csproj", "{E257DAF3-CD78-4351-A247-656D9B12951C}"
EndProject
Project("{9A19103F-16F7-4668-BE54-9A1E7A4F7556}") = "Outbox.Persistence", "src\Publisher\Infrastructure\Outbox.Persistence\Outbox.Persistence.csproj", "{5EAA8050-C938-462A-8630-4F05E98599CF}"
EndProject
Project("{9A19103F-16F7-4668-BE54-9A1E7A4F7556}") = "Outbox.Order.API", "src\Publisher\Presentation\Outbox.Order.API\Outbox.Order.API.csproj", "{C407BE88-D097-47A4-A8FB-7E7F6B878BBD}"
EndProject
Project("{9A19103F-16F7-4668-BE54-9A1E7A4F7556}") = "Outbox.Product.API", "src\Publisher\Presentation\Outbox.Product.API\Outbox.Product.API.csproj", "{59B402F2-19B4-4772-AC2F-34730CA79555}"
EndProject
Project("{9A19103F-16F7-4668-BE54-9A1E7A4F7556}") = "Outbox.Shared", "src\Publisher\Outbox.Shared\Outbox.Shared.csproj", "{9CADB895-5436-4599-96F5-3CE413F81426}"
EndProject
Project("{E53339B2-1760-4266-BCC7-CA923CBCF16C}") = "docker-compose", "docker-compose.dcproj", "{469AD964-EA17-4AD9-8BBF-E4ABD43ED697}"
EndProject
Project("{9A19103F-16F7-4668-BE54-9A1E7A4F7556}") = "Outbox.Job.Service", "src\Publisher\Worker\Outbox.Job.Service\Outbox.Job.Service.csproj", "{75F04F2D-EEA7-4FD1-94DE-7FA6A51573CE}"
EndProject
Project("{2150E333-8FDC-42A3-9474-1A3956D46DE8}") = "Core", "Core", "{37D64064-EF79-4141-A845-427163A9F5E6}"
EndProject
Project("{2150E333-8FDC-42A3-9474-1A3956D46DE8}") = "Infrastructure", "Infrastructure", "{F3B14A57-44AA-4E49-8B74-08DE01684DFE}"
EndProject
Project("{2150E333-8FDC-42A3-9474-1A3956D46DE8}") = "Presentation", "Presentation", "{0E080C98-0902-403C-9C82-B35D33A563A8}"
EndProject
Project("{2150E333-8FDC-42A3-9474-1A3956D46DE8}") = "TransactionLog", "TransactionLog", "{6393D24D-AE42-4B12-B9D0-E1BF4EF314BF}"
EndProject
Project("{9A19103F-16F7-4668-BE54-9A1E7A4F7556}") = "Outbox.Shared", "src\Transactional\Outbox.Shared\Outbox.Shared.csproj", "{4FF26BA3-931A-456B-8E3B-1CA640AE7EC5}"
EndProject
Project("{9A19103F-16F7-4668-BE54-9A1E7A4F7556}") = "Outbox.Transaction.Log.Service", "src\Transactional\TransactionLog\Outbox.Transaction.Log.Service\Outbox.Transaction.Log.Service.csproj", "{63BA4E9C-A9AD-4169-9C6F-5FB21C848CDC}"
EndProject
Project("{9A19103F-16F7-4668-BE54-9A1E7A4F7556}") = "Outbox.Application", "src\Transactional\Core\Outbox.Application\Outbox.Application.csproj", "{CDBD35E0-35A7-411E-A532-3B7CA039AFCC}"
EndProject
Project("{9A19103F-16F7-4668-BE54-9A1E7A4F7556}") = "Outbox.Domain", "src\Transactional\Core\Outbox.Domain\Outbox.Domain.csproj", "{1B96F184-673A-44A5-A1E1-09448A2338E4}"
EndProject
Project("{9A19103F-16F7-4668-BE54-9A1E7A4F7556}") = "Outbox.Persistence", "src\Transactional\Infrastructure\Outbox.Persistence\Outbox.Persistence.csproj", "{E0145F7E-6BBC-4C4D-B286-98EF23DF5E89}"
EndProject
Project("{9A19103F-16F7-4668-BE54-9A1E7A4F7556}") = "Outbox.Order.API", "src\Transactional\Presentation\Outbox.Order.API\Outbox.Order.API.csproj", "{69A69144-98BA-4578-8BF5-FC1CD21CF449}"
EndProject
Project("{9A19103F-16F7-4668-BE54-9A1E7A4F7556}") = "Outbox.Product.API", "src\Transactional\Presentation\Outbox.Product.API\Outbox.Product.API.csproj", "{68FF9E9E-8E94-475C-A35E-39B899D2C3C3}"
EndProject
Global
	GlobalSection(SolutionConfigurationPlatforms) = preSolution
		Debug|Any CPU = Debug|Any CPU
		Release|Any CPU = Release|Any CPU
	EndGlobalSection
	GlobalSection(ProjectConfigurationPlatforms) = postSolution
		{DC729028-E2AC-445A-A953-BCF81EE58EBD}.Debug|Any CPU.ActiveCfg = Debug|Any CPU
		{DC729028-E2AC-445A-A953-BCF81EE58EBD}.Debug|Any CPU.Build.0 = Debug|Any CPU
		{DC729028-E2AC-445A-A953-BCF81EE58EBD}.Release|Any CPU.ActiveCfg = Release|Any CPU
		{DC729028-E2AC-445A-A953-BCF81EE58EBD}.Release|Any CPU.Build.0 = Release|Any CPU
		{E257DAF3-CD78-4351-A247-656D9B12951C}.Debug|Any CPU.ActiveCfg = Debug|Any CPU
		{E257DAF3-CD78-4351-A247-656D9B12951C}.Debug|Any CPU.Build.0 = Debug|Any CPU
		{E257DAF3-CD78-4351-A247-656D9B12951C}.Release|Any CPU.ActiveCfg = Release|Any CPU
		{E257DAF3-CD78-4351-A247-656D9B12951C}.Release|Any CPU.Build.0 = Release|Any CPU
		{5EAA8050-C938-462A-8630-4F05E98599CF}.Debug|Any CPU.ActiveCfg = Debug|Any CPU
		{5EAA8050-C938-462A-8630-4F05E98599CF}.Debug|Any CPU.Build.0 = Debug|Any CPU
		{5EAA8050-C938-462A-8630-4F05E98599CF}.Release|Any CPU.ActiveCfg = Release|Any CPU
		{5EAA8050-C938-462A-8630-4F05E98599CF}.Release|Any CPU.Build.0 = Release|Any CPU
		{C407BE88-D097-47A4-A8FB-7E7F6B878BBD}.Debug|Any CPU.ActiveCfg = Debug|Any CPU
		{C407BE88-D097-47A4-A8FB-7E7F6B878BBD}.Debug|Any CPU.Build.0 = Debug|Any CPU
		{C407BE88-D097-47A4-A8FB-7E7F6B878BBD}.Release|Any CPU.ActiveCfg = Release|Any CPU
		{C407BE88-D097-47A4-A8FB-7E7F6B878BBD}.Release|Any CPU.Build.0 = Release|Any CPU
		{59B402F2-19B4-4772-AC2F-34730CA79555}.Debug|Any CPU.ActiveCfg = Debug|Any CPU
		{59B402F2-19B4-4772-AC2F-34730CA79555}.Debug|Any CPU.Build.0 = Debug|Any CPU
		{59B402F2-19B4-4772-AC2F-34730CA79555}.Release|Any CPU.ActiveCfg = Release|Any CPU
		{59B402F2-19B4-4772-AC2F-34730CA79555}.Release|Any CPU.Build.0 = Release|Any CPU
		{9CADB895-5436-4599-96F5-3CE413F81426}.Debug|Any CPU.ActiveCfg = Debug|Any CPU
		{9CADB895-5436-4599-96F5-3CE413F81426}.Debug|Any CPU.Build.0 = Debug|Any CPU
		{9CADB895-5436-4599-96F5-3CE413F81426}.Release|Any CPU.ActiveCfg = Release|Any CPU
		{9CADB895-5436-4599-96F5-3CE413F81426}.Release|Any CPU.Build.0 = Release|Any CPU
		{469AD964-EA17-4AD9-8BBF-E4ABD43ED697}.Debug|Any CPU.ActiveCfg = Debug|Any CPU
		{469AD964-EA17-4AD9-8BBF-E4ABD43ED697}.Debug|Any CPU.Build.0 = Debug|Any CPU
		{469AD964-EA17-4AD9-8BBF-E4ABD43ED697}.Release|Any CPU.ActiveCfg = Release|Any CPU
		{469AD964-EA17-4AD9-8BBF-E4ABD43ED697}.Release|Any CPU.Build.0 = Release|Any CPU
		{75F04F2D-EEA7-4FD1-94DE-7FA6A51573CE}.Debug|Any CPU.ActiveCfg = Debug|Any CPU
		{75F04F2D-EEA7-4FD1-94DE-7FA6A51573CE}.Debug|Any CPU.Build.0 = Debug|Any CPU
		{75F04F2D-EEA7-4FD1-94DE-7FA6A51573CE}.Release|Any CPU.ActiveCfg = Release|Any CPU
		{75F04F2D-EEA7-4FD1-94DE-7FA6A51573CE}.Release|Any CPU.Build.0 = Release|Any CPU
		{4FF26BA3-931A-456B-8E3B-1CA640AE7EC5}.Debug|Any CPU.ActiveCfg = Debug|Any CPU
		{4FF26BA3-931A-456B-8E3B-1CA640AE7EC5}.Debug|Any CPU.Build.0 = Debug|Any CPU
		{4FF26BA3-931A-456B-8E3B-1CA640AE7EC5}.Release|Any CPU.ActiveCfg = Release|Any CPU
		{4FF26BA3-931A-456B-8E3B-1CA640AE7EC5}.Release|Any CPU.Build.0 = Release|Any CPU
		{63BA4E9C-A9AD-4169-9C6F-5FB21C848CDC}.Debug|Any CPU.ActiveCfg = Debug|Any CPU
		{63BA4E9C-A9AD-4169-9C6F-5FB21C848CDC}.Debug|Any CPU.Build.0 = Debug|Any CPU
		{63BA4E9C-A9AD-4169-9C6F-5FB21C848CDC}.Release|Any CPU.ActiveCfg = Release|Any CPU
		{63BA4E9C-A9AD-4169-9C6F-5FB21C848CDC}.Release|Any CPU.Build.0 = Release|Any CPU
		{CDBD35E0-35A7-411E-A532-3B7CA039AFCC}.Debug|Any CPU.ActiveCfg = Debug|Any CPU
		{CDBD35E0-35A7-411E-A532-3B7CA039AFCC}.Debug|Any CPU.Build.0 = Debug|Any CPU
		{CDBD35E0-35A7-411E-A532-3B7CA039AFCC}.Release|Any CPU.ActiveCfg = Release|Any CPU
		{CDBD35E0-35A7-411E-A532-3B7CA039AFCC}.Release|Any CPU.Build.0 = Release|Any CPU
		{1B96F184-673A-44A5-A1E1-09448A2338E4}.Debug|Any CPU.ActiveCfg = Debug|Any CPU
		{1B96F184-673A-44A5-A1E1-09448A2338E4}.Debug|Any CPU.Build.0 = Debug|Any CPU
		{1B96F184-673A-44A5-A1E1-09448A2338E4}.Release|Any CPU.ActiveCfg = Release|Any CPU
		{1B96F184-673A-44A5-A1E1-09448A2338E4}.Release|Any CPU.Build.0 = Release|Any CPU
		{E0145F7E-6BBC-4C4D-B286-98EF23DF5E89}.Debug|Any CPU.ActiveCfg = Debug|Any CPU
		{E0145F7E-6BBC-4C4D-B286-98EF23DF5E89}.Debug|Any CPU.Build.0 = Debug|Any CPU
		{E0145F7E-6BBC-4C4D-B286-98EF23DF5E89}.Release|Any CPU.ActiveCfg = Release|Any CPU
		{E0145F7E-6BBC-4C4D-B286-98EF23DF5E89}.Release|Any CPU.Build.0 = Release|Any CPU
		{69A69144-98BA-4578-8BF5-FC1CD21CF449}.Debug|Any CPU.ActiveCfg = Debug|Any CPU
		{69A69144-98BA-4578-8BF5-FC1CD21CF449}.Debug|Any CPU.Build.0 = Debug|Any CPU
		{69A69144-98BA-4578-8BF5-FC1CD21CF449}.Release|Any CPU.ActiveCfg = Release|Any CPU
		{69A69144-98BA-4578-8BF5-FC1CD21CF449}.Release|Any CPU.Build.0 = Release|Any CPU
		{68FF9E9E-8E94-475C-A35E-39B899D2C3C3}.Debug|Any CPU.ActiveCfg = Debug|Any CPU
		{68FF9E9E-8E94-475C-A35E-39B899D2C3C3}.Debug|Any CPU.Build.0 = Debug|Any CPU
		{68FF9E9E-8E94-475C-A35E-39B899D2C3C3}.Release|Any CPU.ActiveCfg = Release|Any CPU
		{68FF9E9E-8E94-475C-A35E-39B899D2C3C3}.Release|Any CPU.Build.0 = Release|Any CPU
	EndGlobalSection
	GlobalSection(SolutionProperties) = preSolution
		HideSolutionNode = FALSE
	EndGlobalSection
	GlobalSection(NestedProjects) = preSolution
		{BA6DD35A-9969-42DC-9D10-674D5EF12615} = {271879DF-B72C-4840-841D-C00AFF0F11B1}
		{178297B0-AA67-424A-9BF0-CDEB4467F1AF} = {271879DF-B72C-4840-841D-C00AFF0F11B1}
		{E7D3043E-36E7-41C9-B356-7DFE557F2860} = {178297B0-AA67-424A-9BF0-CDEB4467F1AF}
		{6740EE54-308C-4DF6-92BA-41F601FDD81D} = {178297B0-AA67-424A-9BF0-CDEB4467F1AF}
		{BEC36993-8D07-4C1D-A119-D97E9FEA6CD6} = {178297B0-AA67-424A-9BF0-CDEB4467F1AF}
		{268FC494-D621-49FB-9E3D-EA6D8C4584B2} = {178297B0-AA67-424A-9BF0-CDEB4467F1AF}
		{DC729028-E2AC-445A-A953-BCF81EE58EBD} = {6740EE54-308C-4DF6-92BA-41F601FDD81D}
		{E257DAF3-CD78-4351-A247-656D9B12951C} = {6740EE54-308C-4DF6-92BA-41F601FDD81D}
		{5EAA8050-C938-462A-8630-4F05E98599CF} = {BEC36993-8D07-4C1D-A119-D97E9FEA6CD6}
		{C407BE88-D097-47A4-A8FB-7E7F6B878BBD} = {E7D3043E-36E7-41C9-B356-7DFE557F2860}
		{59B402F2-19B4-4772-AC2F-34730CA79555} = {E7D3043E-36E7-41C9-B356-7DFE557F2860}
		{9CADB895-5436-4599-96F5-3CE413F81426} = {178297B0-AA67-424A-9BF0-CDEB4467F1AF}
		{75F04F2D-EEA7-4FD1-94DE-7FA6A51573CE} = {268FC494-D621-49FB-9E3D-EA6D8C4584B2}
		{37D64064-EF79-4141-A845-427163A9F5E6} = {BA6DD35A-9969-42DC-9D10-674D5EF12615}
		{F3B14A57-44AA-4E49-8B74-08DE01684DFE} = {BA6DD35A-9969-42DC-9D10-674D5EF12615}
		{0E080C98-0902-403C-9C82-B35D33A563A8} = {BA6DD35A-9969-42DC-9D10-674D5EF12615}
		{6393D24D-AE42-4B12-B9D0-E1BF4EF314BF} = {BA6DD35A-9969-42DC-9D10-674D5EF12615}
		{4FF26BA3-931A-456B-8E3B-1CA640AE7EC5} = {BA6DD35A-9969-42DC-9D10-674D5EF12615}
		{63BA4E9C-A9AD-4169-9C6F-5FB21C848CDC} = {6393D24D-AE42-4B12-B9D0-E1BF4EF314BF}
		{CDBD35E0-35A7-411E-A532-3B7CA039AFCC} = {37D64064-EF79-4141-A845-427163A9F5E6}
		{1B96F184-673A-44A5-A1E1-09448A2338E4} = {37D64064-EF79-4141-A845-427163A9F5E6}
		{E0145F7E-6BBC-4C4D-B286-98EF23DF5E89} = {F3B14A57-44AA-4E49-8B74-08DE01684DFE}
		{69A69144-98BA-4578-8BF5-FC1CD21CF449} = {0E080C98-0902-403C-9C82-B35D33A563A8}
		{68FF9E9E-8E94-475C-A35E-39B899D2C3C3} = {0E080C98-0902-403C-9C82-B35D33A563A8}
	EndGlobalSection
	GlobalSection(ExtensibilityGlobals) = postSolution
		SolutionGuid = {67A2B8AB-2DCE-4AEA-BABB-DE2940B7DD56}
	EndGlobalSection
EndGlobal
